github.com/disic/frago v1.7.1 h1:JBH8xlCeec0mht9qTUepjdo6dFwM0xIu7dOOd8dWVuQ=
github.com/disic/frago v1.7.1/go.mod h1:P+FGLyK+Tit1HIeu1aDFxIwQCCrYTJflqCX0Xue/jXM=
github.com/disic/frago v1.7.6 h1:kGDtkI6WYhuq2fEC5GLRpkgqzCai8cFTp6dbL6x/M6k=
github.com/disic/frago v1.7.6/go.mod h1:P+FGLyK+Tit1HIeu1aDFxIwQCCrYTJflqCX0Xue/jXM=
